
Microsoft Visual Studio Solution File, Format Version 12.00
# Visual Studio Version 17
VisualStudioVersion = 17.0.31903.59
MinimumVisualStudioVersion = 10.0.40219.1
Project("{2150E333-8FDC-42A3-9474-1A3956D46DE8}") = "src", "src", "{727379DC-74FA-44B3-A087-08953F0CA727}"
EndProject
Project("{2150E333-8FDC-42A3-9474-1A3956D46DE8}") = "IntelTech.Users", "IntelTech.Users", "{F2F213EC-5434-48D5-9A31-3ECFC4BA2832}"
EndProject
Project("{FAE04EC0-301F-11D3-BF4B-00C04F79EFBC}") = "IntelTech.Users.Presentation", "src\IntelTech.Users.Presentation\IntelTech.Users.Presentation.csproj", "{94F4A1DF-73EE-4DF8-AF0F-B2F8A39E4D9F}"
EndProject
Project("{2150E333-8FDC-42A3-9474-1A3956D46DE8}") = "IntelTech.Common", "IntelTech.Common", "{3C179D70-AFB9-48F4-A543-41B8132F79C7}"
EndProject
Project("{FAE04EC0-301F-11D3-BF4B-00C04F79EFBC}") = "IntelTech.Users.Application", "src\IntelTech.Users.Application\IntelTech.Users.Application.csproj", "{31A454CA-CADE-4639-9808-1BFE36C6BD02}"
EndProject
Project("{FAE04EC0-301F-11D3-BF4B-00C04F79EFBC}") = "IntelTech.Common.Bus", "src\IntelTech.Common.Bus\IntelTech.Common.Bus.csproj", "{68A532B8-FF66-4465-9BE8-FE40009122E8}"
EndProject
Project("{2150E333-8FDC-42A3-9474-1A3956D46DE8}") = "IntelTech.Organizations", "IntelTech.Organizations", "{950FB8DA-9C9B-4DB1-8A47-FF6F26F5783E}"
EndProject
Project("{FAE04EC0-301F-11D3-BF4B-00C04F79EFBC}") = "IntelTech.Organizations.Domain", "src\IntelTech.Organizations.Domain\IntelTech.Organizations.Domain.csproj", "{F47987E2-1C00-48A4-93FC-EB9FD8B82559}"
EndProject
Project("{FAE04EC0-301F-11D3-BF4B-00C04F79EFBC}") = "IntelTech.Organizations.Application", "src\IntelTech.Organizations.Application\IntelTech.Organizations.Application.csproj", "{E4592D4A-4606-4487-BEA0-84E1B47090C4}"
EndProject
Project("{FAE04EC0-301F-11D3-BF4B-00C04F79EFBC}") = "IntelTech.Organizations.Presentation", "src\IntelTech.Organizations.Presentation\IntelTech.Organizations.Presentation.csproj", "{143B64DF-B20B-4F37-9217-16AE55C3A288}"
EndProject
Project("{FAE04EC0-301F-11D3-BF4B-00C04F79EFBC}") = "IntelTech.Organizations.Infrastructure", "src\IntelTech.Organizations.Infrastructure\IntelTech.Organizations.Infrastructure.csproj", "{BD56FDE7-B5E5-4BDC-AE75-01E0D861720F}"
EndProject
Project("{2150E333-8FDC-42A3-9474-1A3956D46DE8}") = "tests", "tests", "{8DFBB53F-0A8A-49CE-9E1B-5441A0298B6F}"
EndProject
Project("{FAE04EC0-301F-11D3-BF4B-00C04F79EFBC}") = "IntelTech.Organizations.UnitTests", "tests\IntelTech.Organizations.UnitTests\IntelTech.Organizations.UnitTests.csproj", "{96509A57-DDCA-4A32-A5F1-7510FCABF002}"
EndProject
Project("{2150E333-8FDC-42A3-9474-1A3956D46DE8}") = "common", "common", "{EF8EB1B2-440A-49D3-81EF-76886340B6A8}"
	ProjectSection(SolutionItems) = preProject
		docker-compose.yml = docker-compose.yml
		LICENSE = LICENSE
		.editorconfig = .editorconfig
		.gitignore = .gitignore
		Directory.Build.props = Directory.Build.props
		README.md = README.md
	EndProjectSection
EndProject
Project("{FAE04EC0-301F-11D3-BF4B-00C04F79EFBC}") = "IntelTech.Common.Mediator", "src\IntelTech.Common.Mediator\IntelTech.Common.Mediator.csproj", "{6FC46117-E828-4ECD-8C0C-AE1134996708}"
EndProject
Project("{FAE04EC0-301F-11D3-BF4B-00C04F79EFBC}") = "IntelTech.Common.Testing", "src\IntelTech.Common.Testing\IntelTech.Common.Testing.csproj", "{DA7A6906-AC7C-481A-830B-4F6F8425505A}"
EndProject
Project("{FAE04EC0-301F-11D3-BF4B-00C04F79EFBC}") = "IntelTech.Common.Migrations", "src\IntelTech.Common.Migrations\IntelTech.Common.Migrations.csproj", "{7CBB59E5-C0E6-4B93-AB7C-22A864309FE1}"
EndProject
Project("{2150E333-8FDC-42A3-9474-1A3956D46DE8}") = "common", "common", "{48A8459C-D85C-4026-8BCE-E90622D23891}"
	ProjectSection(SolutionItems) = preProject
		tests\docker-compose.yml = tests\docker-compose.yml
	EndProjectSection
EndProject
Global
	GlobalSection(SolutionConfigurationPlatforms) = preSolution
		Debug|Any CPU = Debug|Any CPU
		Debug|x64 = Debug|x64
		Debug|x86 = Debug|x86
		Release|Any CPU = Release|Any CPU
		Release|x64 = Release|x64
		Release|x86 = Release|x86
	EndGlobalSection
	GlobalSection(ProjectConfigurationPlatforms) = postSolution
		{94F4A1DF-73EE-4DF8-AF0F-B2F8A39E4D9F}.Debug|Any CPU.ActiveCfg = Debug|Any CPU
		{94F4A1DF-73EE-4DF8-AF0F-B2F8A39E4D9F}.Debug|Any CPU.Build.0 = Debug|Any CPU
		{94F4A1DF-73EE-4DF8-AF0F-B2F8A39E4D9F}.Debug|x64.ActiveCfg = Debug|Any CPU
		{94F4A1DF-73EE-4DF8-AF0F-B2F8A39E4D9F}.Debug|x64.Build.0 = Debug|Any CPU
		{94F4A1DF-73EE-4DF8-AF0F-B2F8A39E4D9F}.Debug|x86.ActiveCfg = Debug|Any CPU
		{94F4A1DF-73EE-4DF8-AF0F-B2F8A39E4D9F}.Debug|x86.Build.0 = Debug|Any CPU
		{94F4A1DF-73EE-4DF8-AF0F-B2F8A39E4D9F}.Release|Any CPU.ActiveCfg = Release|Any CPU
		{94F4A1DF-73EE-4DF8-AF0F-B2F8A39E4D9F}.Release|Any CPU.Build.0 = Release|Any CPU
		{94F4A1DF-73EE-4DF8-AF0F-B2F8A39E4D9F}.Release|x64.ActiveCfg = Release|Any CPU
		{94F4A1DF-73EE-4DF8-AF0F-B2F8A39E4D9F}.Release|x64.Build.0 = Release|Any CPU
		{94F4A1DF-73EE-4DF8-AF0F-B2F8A39E4D9F}.Release|x86.ActiveCfg = Release|Any CPU
		{94F4A1DF-73EE-4DF8-AF0F-B2F8A39E4D9F}.Release|x86.Build.0 = Release|Any CPU
		{31A454CA-CADE-4639-9808-1BFE36C6BD02}.Debug|Any CPU.ActiveCfg = Debug|Any CPU
		{31A454CA-CADE-4639-9808-1BFE36C6BD02}.Debug|Any CPU.Build.0 = Debug|Any CPU
		{31A454CA-CADE-4639-9808-1BFE36C6BD02}.Debug|x64.ActiveCfg = Debug|Any CPU
		{31A454CA-CADE-4639-9808-1BFE36C6BD02}.Debug|x64.Build.0 = Debug|Any CPU
		{31A454CA-CADE-4639-9808-1BFE36C6BD02}.Debug|x86.ActiveCfg = Debug|Any CPU
		{31A454CA-CADE-4639-9808-1BFE36C6BD02}.Debug|x86.Build.0 = Debug|Any CPU
		{31A454CA-CADE-4639-9808-1BFE36C6BD02}.Release|Any CPU.ActiveCfg = Release|Any CPU
		{31A454CA-CADE-4639-9808-1BFE36C6BD02}.Release|Any CPU.Build.0 = Release|Any CPU
		{31A454CA-CADE-4639-9808-1BFE36C6BD02}.Release|x64.ActiveCfg = Release|Any CPU
		{31A454CA-CADE-4639-9808-1BFE36C6BD02}.Release|x64.Build.0 = Release|Any CPU
		{31A454CA-CADE-4639-9808-1BFE36C6BD02}.Release|x86.ActiveCfg = Release|Any CPU
		{31A454CA-CADE-4639-9808-1BFE36C6BD02}.Release|x86.Build.0 = Release|Any CPU
		{68A532B8-FF66-4465-9BE8-FE40009122E8}.Debug|Any CPU.ActiveCfg = Debug|Any CPU
		{68A532B8-FF66-4465-9BE8-FE40009122E8}.Debug|Any CPU.Build.0 = Debug|Any CPU
		{68A532B8-FF66-4465-9BE8-FE40009122E8}.Debug|x64.ActiveCfg = Debug|Any CPU
		{68A532B8-FF66-4465-9BE8-FE40009122E8}.Debug|x64.Build.0 = Debug|Any CPU
		{68A532B8-FF66-4465-9BE8-FE40009122E8}.Debug|x86.ActiveCfg = Debug|Any CPU
		{68A532B8-FF66-4465-9BE8-FE40009122E8}.Debug|x86.Build.0 = Debug|Any CPU
		{68A532B8-FF66-4465-9BE8-FE40009122E8}.Release|Any CPU.ActiveCfg = Release|Any CPU
		{68A532B8-FF66-4465-9BE8-FE40009122E8}.Release|Any CPU.Build.0 = Release|Any CPU
		{68A532B8-FF66-4465-9BE8-FE40009122E8}.Release|x64.ActiveCfg = Release|Any CPU
		{68A532B8-FF66-4465-9BE8-FE40009122E8}.Release|x64.Build.0 = Release|Any CPU
		{68A532B8-FF66-4465-9BE8-FE40009122E8}.Release|x86.ActiveCfg = Release|Any CPU
		{68A532B8-FF66-4465-9BE8-FE40009122E8}.Release|x86.Build.0 = Release|Any CPU
		{F47987E2-1C00-48A4-93FC-EB9FD8B82559}.Debug|Any CPU.ActiveCfg = Debug|Any CPU
		{F47987E2-1C00-48A4-93FC-EB9FD8B82559}.Debug|Any CPU.Build.0 = Debug|Any CPU
		{F47987E2-1C00-48A4-93FC-EB9FD8B82559}.Debug|x64.ActiveCfg = Debug|Any CPU
		{F47987E2-1C00-48A4-93FC-EB9FD8B82559}.Debug|x64.Build.0 = Debug|Any CPU
		{F47987E2-1C00-48A4-93FC-EB9FD8B82559}.Debug|x86.ActiveCfg = Debug|Any CPU
		{F47987E2-1C00-48A4-93FC-EB9FD8B82559}.Debug|x86.Build.0 = Debug|Any CPU
		{F47987E2-1C00-48A4-93FC-EB9FD8B82559}.Release|Any CPU.ActiveCfg = Release|Any CPU
		{F47987E2-1C00-48A4-93FC-EB9FD8B82559}.Release|Any CPU.Build.0 = Release|Any CPU
		{F47987E2-1C00-48A4-93FC-EB9FD8B82559}.Release|x64.ActiveCfg = Release|Any CPU
		{F47987E2-1C00-48A4-93FC-EB9FD8B82559}.Release|x64.Build.0 = Release|Any CPU
		{F47987E2-1C00-48A4-93FC-EB9FD8B82559}.Release|x86.ActiveCfg = Release|Any CPU
		{F47987E2-1C00-48A4-93FC-EB9FD8B82559}.Release|x86.Build.0 = Release|Any CPU
		{E4592D4A-4606-4487-BEA0-84E1B47090C4}.Debug|Any CPU.ActiveCfg = Debug|Any CPU
		{E4592D4A-4606-4487-BEA0-84E1B47090C4}.Debug|Any CPU.Build.0 = Debug|Any CPU
		{E4592D4A-4606-4487-BEA0-84E1B47090C4}.Debug|x64.ActiveCfg = Debug|Any CPU
		{E4592D4A-4606-4487-BEA0-84E1B47090C4}.Debug|x64.Build.0 = Debug|Any CPU
		{E4592D4A-4606-4487-BEA0-84E1B47090C4}.Debug|x86.ActiveCfg = Debug|Any CPU
		{E4592D4A-4606-4487-BEA0-84E1B47090C4}.Debug|x86.Build.0 = Debug|Any CPU
		{E4592D4A-4606-4487-BEA0-84E1B47090C4}.Release|Any CPU.ActiveCfg = Release|Any CPU
		{E4592D4A-4606-4487-BEA0-84E1B47090C4}.Release|Any CPU.Build.0 = Release|Any CPU
		{E4592D4A-4606-4487-BEA0-84E1B47090C4}.Release|x64.ActiveCfg = Release|Any CPU
		{E4592D4A-4606-4487-BEA0-84E1B47090C4}.Release|x64.Build.0 = Release|Any CPU
		{E4592D4A-4606-4487-BEA0-84E1B47090C4}.Release|x86.ActiveCfg = Release|Any CPU
		{E4592D4A-4606-4487-BEA0-84E1B47090C4}.Release|x86.Build.0 = Release|Any CPU
		{143B64DF-B20B-4F37-9217-16AE55C3A288}.Debug|Any CPU.ActiveCfg = Debug|Any CPU
		{143B64DF-B20B-4F37-9217-16AE55C3A288}.Debug|Any CPU.Build.0 = Debug|Any CPU
		{143B64DF-B20B-4F37-9217-16AE55C3A288}.Debug|x64.ActiveCfg = Debug|Any CPU
		{143B64DF-B20B-4F37-9217-16AE55C3A288}.Debug|x64.Build.0 = Debug|Any CPU
		{143B64DF-B20B-4F37-9217-16AE55C3A288}.Debug|x86.ActiveCfg = Debug|Any CPU
		{143B64DF-B20B-4F37-9217-16AE55C3A288}.Debug|x86.Build.0 = Debug|Any CPU
		{143B64DF-B20B-4F37-9217-16AE55C3A288}.Release|Any CPU.ActiveCfg = Release|Any CPU
		{143B64DF-B20B-4F37-9217-16AE55C3A288}.Release|Any CPU.Build.0 = Release|Any CPU
		{143B64DF-B20B-4F37-9217-16AE55C3A288}.Release|x64.ActiveCfg = Release|Any CPU
		{143B64DF-B20B-4F37-9217-16AE55C3A288}.Release|x64.Build.0 = Release|Any CPU
		{143B64DF-B20B-4F37-9217-16AE55C3A288}.Release|x86.ActiveCfg = Release|Any CPU
		{143B64DF-B20B-4F37-9217-16AE55C3A288}.Release|x86.Build.0 = Release|Any CPU
		{BD56FDE7-B5E5-4BDC-AE75-01E0D861720F}.Debug|Any CPU.ActiveCfg = Debug|Any CPU
		{BD56FDE7-B5E5-4BDC-AE75-01E0D861720F}.Debug|Any CPU.Build.0 = Debug|Any CPU
		{BD56FDE7-B5E5-4BDC-AE75-01E0D861720F}.Debug|x64.ActiveCfg = Debug|Any CPU
		{BD56FDE7-B5E5-4BDC-AE75-01E0D861720F}.Debug|x64.Build.0 = Debug|Any CPU
		{BD56FDE7-B5E5-4BDC-AE75-01E0D861720F}.Debug|x86.ActiveCfg = Debug|Any CPU
		{BD56FDE7-B5E5-4BDC-AE75-01E0D861720F}.Debug|x86.Build.0 = Debug|Any CPU
		{BD56FDE7-B5E5-4BDC-AE75-01E0D861720F}.Release|Any CPU.ActiveCfg = Release|Any CPU
		{BD56FDE7-B5E5-4BDC-AE75-01E0D861720F}.Release|Any CPU.Build.0 = Release|Any CPU
		{BD56FDE7-B5E5-4BDC-AE75-01E0D861720F}.Release|x64.ActiveCfg = Release|Any CPU
		{BD56FDE7-B5E5-4BDC-AE75-01E0D861720F}.Release|x64.Build.0 = Release|Any CPU
		{BD56FDE7-B5E5-4BDC-AE75-01E0D861720F}.Release|x86.ActiveCfg = Release|Any CPU
		{BD56FDE7-B5E5-4BDC-AE75-01E0D861720F}.Release|x86.Build.0 = Release|Any CPU
		{96509A57-DDCA-4A32-A5F1-7510FCABF002}.Debug|Any CPU.ActiveCfg = Debug|Any CPU
		{96509A57-DDCA-4A32-A5F1-7510FCABF002}.Debug|Any CPU.Build.0 = Debug|Any CPU
		{96509A57-DDCA-4A32-A5F1-7510FCABF002}.Debug|x64.ActiveCfg = Debug|Any CPU
		{96509A57-DDCA-4A32-A5F1-7510FCABF002}.Debug|x64.Build.0 = Debug|Any CPU
		{96509A57-DDCA-4A32-A5F1-7510FCABF002}.Debug|x86.ActiveCfg = Debug|Any CPU
		{96509A57-DDCA-4A32-A5F1-7510FCABF002}.Debug|x86.Build.0 = Debug|Any CPU
		{96509A57-DDCA-4A32-A5F1-7510FCABF002}.Release|Any CPU.ActiveCfg = Release|Any CPU
		{96509A57-DDCA-4A32-A5F1-7510FCABF002}.Release|Any CPU.Build.0 = Release|Any CPU
		{96509A57-DDCA-4A32-A5F1-7510FCABF002}.Release|x64.ActiveCfg = Release|Any CPU
		{96509A57-DDCA-4A32-A5F1-7510FCABF002}.Release|x64.Build.0 = Release|Any CPU
		{96509A57-DDCA-4A32-A5F1-7510FCABF002}.Release|x86.ActiveCfg = Release|Any CPU
		{96509A57-DDCA-4A32-A5F1-7510FCABF002}.Release|x86.Build.0 = Release|Any CPU
		{6FC46117-E828-4ECD-8C0C-AE1134996708}.Debug|Any CPU.ActiveCfg = Debug|Any CPU
		{6FC46117-E828-4ECD-8C0C-AE1134996708}.Debug|Any CPU.Build.0 = Debug|Any CPU
		{6FC46117-E828-4ECD-8C0C-AE1134996708}.Debug|x64.ActiveCfg = Debug|Any CPU
		{6FC46117-E828-4ECD-8C0C-AE1134996708}.Debug|x64.Build.0 = Debug|Any CPU
		{6FC46117-E828-4ECD-8C0C-AE1134996708}.Debug|x86.ActiveCfg = Debug|Any CPU
		{6FC46117-E828-4ECD-8C0C-AE1134996708}.Debug|x86.Build.0 = Debug|Any CPU
		{6FC46117-E828-4ECD-8C0C-AE1134996708}.Release|Any CPU.ActiveCfg = Release|Any CPU
		{6FC46117-E828-4ECD-8C0C-AE1134996708}.Release|Any CPU.Build.0 = Release|Any CPU
		{6FC46117-E828-4ECD-8C0C-AE1134996708}.Release|x64.ActiveCfg = Release|Any CPU
		{6FC46117-E828-4ECD-8C0C-AE1134996708}.Release|x64.Build.0 = Release|Any CPU
		{6FC46117-E828-4ECD-8C0C-AE1134996708}.Release|x86.ActiveCfg = Release|Any CPU
		{6FC46117-E828-4ECD-8C0C-AE1134996708}.Release|x86.Build.0 = Release|Any CPU
		{DA7A6906-AC7C-481A-830B-4F6F8425505A}.Debug|Any CPU.ActiveCfg = Debug|Any CPU
		{DA7A6906-AC7C-481A-830B-4F6F8425505A}.Debug|Any CPU.Build.0 = Debug|Any CPU
		{DA7A6906-AC7C-481A-830B-4F6F8425505A}.Debug|x64.ActiveCfg = Debug|Any CPU
		{DA7A6906-AC7C-481A-830B-4F6F8425505A}.Debug|x64.Build.0 = Debug|Any CPU
		{DA7A6906-AC7C-481A-830B-4F6F8425505A}.Debug|x86.ActiveCfg = Debug|Any CPU
		{DA7A6906-AC7C-481A-830B-4F6F8425505A}.Debug|x86.Build.0 = Debug|Any CPU
		{DA7A6906-AC7C-481A-830B-4F6F8425505A}.Release|Any CPU.ActiveCfg = Release|Any CPU
		{DA7A6906-AC7C-481A-830B-4F6F8425505A}.Release|Any CPU.Build.0 = Release|Any CPU
		{DA7A6906-AC7C-481A-830B-4F6F8425505A}.Release|x64.ActiveCfg = Release|Any CPU
		{DA7A6906-AC7C-481A-830B-4F6F8425505A}.Release|x64.Build.0 = Release|Any CPU
		{DA7A6906-AC7C-481A-830B-4F6F8425505A}.Release|x86.ActiveCfg = Release|Any CPU
		{DA7A6906-AC7C-481A-830B-4F6F8425505A}.Release|x86.Build.0 = Release|Any CPU
		{7CBB59E5-C0E6-4B93-AB7C-22A864309FE1}.Debug|Any CPU.ActiveCfg = Debug|Any CPU
		{7CBB59E5-C0E6-4B93-AB7C-22A864309FE1}.Debug|Any CPU.Build.0 = Debug|Any CPU
		{7CBB59E5-C0E6-4B93-AB7C-22A864309FE1}.Debug|x64.ActiveCfg = Debug|Any CPU
		{7CBB59E5-C0E6-4B93-AB7C-22A864309FE1}.Debug|x64.Build.0 = Debug|Any CPU
		{7CBB59E5-C0E6-4B93-AB7C-22A864309FE1}.Debug|x86.ActiveCfg = Debug|Any CPU
		{7CBB59E5-C0E6-4B93-AB7C-22A864309FE1}.Debug|x86.Build.0 = Debug|Any CPU
		{7CBB59E5-C0E6-4B93-AB7C-22A864309FE1}.Release|Any CPU.ActiveCfg = Release|Any CPU
		{7CBB59E5-C0E6-4B93-AB7C-22A864309FE1}.Release|Any CPU.Build.0 = Release|Any CPU
		{7CBB59E5-C0E6-4B93-AB7C-22A864309FE1}.Release|x64.ActiveCfg = Release|Any CPU
		{7CBB59E5-C0E6-4B93-AB7C-22A864309FE1}.Release|x64.Build.0 = Release|Any CPU
		{7CBB59E5-C0E6-4B93-AB7C-22A864309FE1}.Release|x86.ActiveCfg = Release|Any CPU
		{7CBB59E5-C0E6-4B93-AB7C-22A864309FE1}.Release|x86.Build.0 = Release|Any CPU
	EndGlobalSection
	GlobalSection(SolutionProperties) = preSolution
		HideSolutionNode = FALSE
	EndGlobalSection
	GlobalSection(NestedProjects) = preSolution
		{F2F213EC-5434-48D5-9A31-3ECFC4BA2832} = {727379DC-74FA-44B3-A087-08953F0CA727}
		{94F4A1DF-73EE-4DF8-AF0F-B2F8A39E4D9F} = {F2F213EC-5434-48D5-9A31-3ECFC4BA2832}
		{3C179D70-AFB9-48F4-A543-41B8132F79C7} = {727379DC-74FA-44B3-A087-08953F0CA727}
		{31A454CA-CADE-4639-9808-1BFE36C6BD02} = {F2F213EC-5434-48D5-9A31-3ECFC4BA2832}
		{68A532B8-FF66-4465-9BE8-FE40009122E8} = {3C179D70-AFB9-48F4-A543-41B8132F79C7}
		{950FB8DA-9C9B-4DB1-8A47-FF6F26F5783E} = {727379DC-74FA-44B3-A087-08953F0CA727}
		{F47987E2-1C00-48A4-93FC-EB9FD8B82559} = {950FB8DA-9C9B-4DB1-8A47-FF6F26F5783E}
		{E4592D4A-4606-4487-BEA0-84E1B47090C4} = {950FB8DA-9C9B-4DB1-8A47-FF6F26F5783E}
		{143B64DF-B20B-4F37-9217-16AE55C3A288} = {950FB8DA-9C9B-4DB1-8A47-FF6F26F5783E}
		{BD56FDE7-B5E5-4BDC-AE75-01E0D861720F} = {950FB8DA-9C9B-4DB1-8A47-FF6F26F5783E}
		{96509A57-DDCA-4A32-A5F1-7510FCABF002} = {8DFBB53F-0A8A-49CE-9E1B-5441A0298B6F}
		{6FC46117-E828-4ECD-8C0C-AE1134996708} = {3C179D70-AFB9-48F4-A543-41B8132F79C7}
		{DA7A6906-AC7C-481A-830B-4F6F8425505A} = {3C179D70-AFB9-48F4-A543-41B8132F79C7}
		{7CBB59E5-C0E6-4B93-AB7C-22A864309FE1} = {3C179D70-AFB9-48F4-A543-41B8132F79C7}
		{48A8459C-D85C-4026-8BCE-E90622D23891} = {8DFBB53F-0A8A-49CE-9E1B-5441A0298B6F}
	EndGlobalSection
EndGlobal
