
Microsoft Visual Studio Solution File, Format Version 12.00
# Visual Studio Version 17
VisualStudioVersion = 17.0.31903.59
MinimumVisualStudioVersion = 10.0.40219.1
Project("{2150E333-8FDC-42A3-9474-1A3956D46DE8}") = "src", "src", "{727379DC-74FA-44B3-A087-08953F0CA727}"
EndProject
Project("{2150E333-8FDC-42A3-9474-1A3956D46DE8}") = "common", "common", "{EF8EB1B2-440A-49D3-81EF-76886340B6A8}"
	ProjectSection(SolutionItems) = preProject
		Directory.Build.props = Directory.Build.props
		Dockerfile = Dockerfile
		.dockerignore = .dockerignore
	EndProjectSection
EndProject
Project("{FAE04EC0-301F-11D3-BF4B-00C04F79EFBC}") = "IntelTech.Users.Application", "src\IntelTech.Users.Application\IntelTech.Users.Application.csproj", "{AF629484-17F2-4A47-A314-218084D79402}"
EndProject
Project("{FAE04EC0-301F-11D3-BF4B-00C04F79EFBC}") = "IntelTech.Users.Presentation", "src\IntelTech.Users.Presentation\IntelTech.Users.Presentation.csproj", "{B65215FD-3204-4A1D-9822-955CC49CCD97}"
EndProject
Global
	GlobalSection(SolutionConfigurationPlatforms) = preSolution
		Debug|Any CPU = Debug|Any CPU
		Debug|x64 = Debug|x64
		Debug|x86 = Debug|x86
		Release|Any CPU = Release|Any CPU
		Release|x64 = Release|x64
		Release|x86 = Release|x86
	EndGlobalSection
	GlobalSection(ProjectConfigurationPlatforms) = postSolution
		{AF629484-17F2-4A47-A314-218084D79402}.Debug|Any CPU.ActiveCfg = Debug|Any CPU
		{AF629484-17F2-4A47-A314-218084D79402}.Debug|Any CPU.Build.0 = Debug|Any CPU
		{AF629484-17F2-4A47-A314-218084D79402}.Debug|x64.ActiveCfg = Debug|Any CPU
		{AF629484-17F2-4A47-A314-218084D79402}.Debug|x64.Build.0 = Debug|Any CPU
		{AF629484-17F2-4A47-A314-218084D79402}.Debug|x86.ActiveCfg = Debug|Any CPU
		{AF629484-17F2-4A47-A314-218084D79402}.Debug|x86.Build.0 = Debug|Any CPU
		{AF629484-17F2-4A47-A314-218084D79402}.Release|Any CPU.ActiveCfg = Release|Any CPU
		{AF629484-17F2-4A47-A314-218084D79402}.Release|Any CPU.Build.0 = Release|Any CPU
		{AF629484-17F2-4A47-A314-218084D79402}.Release|x64.ActiveCfg = Release|Any CPU
		{AF629484-17F2-4A47-A314-218084D79402}.Release|x64.Build.0 = Release|Any CPU
		{AF629484-17F2-4A47-A314-218084D79402}.Release|x86.ActiveCfg = Release|Any CPU
		{AF629484-17F2-4A47-A314-218084D79402}.Release|x86.Build.0 = Release|Any CPU
		{B65215FD-3204-4A1D-9822-955CC49CCD97}.Debug|Any CPU.ActiveCfg = Debug|Any CPU
		{B65215FD-3204-4A1D-9822-955CC49CCD97}.Debug|Any CPU.Build.0 = Debug|Any CPU
		{B65215FD-3204-4A1D-9822-955CC49CCD97}.Debug|x64.ActiveCfg = Debug|Any CPU
		{B65215FD-3204-4A1D-9822-955CC49CCD97}.Debug|x64.Build.0 = Debug|Any CPU
		{B65215FD-3204-4A1D-9822-955CC49CCD97}.Debug|x86.ActiveCfg = Debug|Any CPU
		{B65215FD-3204-4A1D-9822-955CC49CCD97}.Debug|x86.Build.0 = Debug|Any CPU
		{B65215FD-3204-4A1D-9822-955CC49CCD97}.Release|Any CPU.ActiveCfg = Release|Any CPU
		{B65215FD-3204-4A1D-9822-955CC49CCD97}.Release|Any CPU.Build.0 = Release|Any CPU
		{B65215FD-3204-4A1D-9822-955CC49CCD97}.Release|x64.ActiveCfg = Release|Any CPU
		{B65215FD-3204-4A1D-9822-955CC49CCD97}.Release|x64.Build.0 = Release|Any CPU
		{B65215FD-3204-4A1D-9822-955CC49CCD97}.Release|x86.ActiveCfg = Release|Any CPU
		{B65215FD-3204-4A1D-9822-955CC49CCD97}.Release|x86.Build.0 = Release|Any CPU
	EndGlobalSection
	GlobalSection(SolutionProperties) = preSolution
		HideSolutionNode = FALSE
	EndGlobalSection
	GlobalSection(NestedProjects) = preSolution
		{AF629484-17F2-4A47-A314-218084D79402} = {727379DC-74FA-44B3-A087-08953F0CA727}
		{B65215FD-3204-4A1D-9822-955CC49CCD97} = {727379DC-74FA-44B3-A087-08953F0CA727}
	EndGlobalSection
EndGlobal
