
Microsoft Visual Studio Solution File, Format Version 12.00
# Visual Studio Version 17
VisualStudioVersion = 17.0.31903.59
MinimumVisualStudioVersion = 10.0.40219.1
Project("{2150E333-8FDC-42A3-9474-1A3956D46DE8}") = "src", "src", "{727379DC-74FA-44B3-A087-08953F0CA727}"
EndProject
Project("{FAE04EC0-301F-11D3-BF4B-00C04F79EFBC}") = "IntelTech.Common.Bus", "src\IntelTech.Common.Bus\IntelTech.Common.Bus.csproj", "{0B68A3BD-2CB5-4A57-8853-69C112BACFE1}"
EndProject
Project("{FAE04EC0-301F-11D3-BF4B-00C04F79EFBC}") = "IntelTech.Common.Mediator", "src\IntelTech.Common.Mediator\IntelTech.Common.Mediator.csproj", "{D9838A77-9D46-461F-B502-760F9FDD85CC}"
EndProject
Project("{FAE04EC0-301F-11D3-BF4B-00C04F79EFBC}") = "IntelTech.Common.Migrations", "src\IntelTech.Common.Migrations\IntelTech.Common.Migrations.csproj", "{4A52E15F-C705-496D-9A05-11509EA7D2AA}"
EndProject
Project("{FAE04EC0-301F-11D3-BF4B-00C04F79EFBC}") = "IntelTech.Common.Testing", "src\IntelTech.Common.Testing\IntelTech.Common.Testing.csproj", "{BCDD9609-EA9F-48E0-B48B-621300D46452}"
EndProject
Project("{2150E333-8FDC-42A3-9474-1A3956D46DE8}") = "common", "common", "{65EDF6F2-0251-463A-A4A1-A8FE33851AA6}"
	ProjectSection(SolutionItems) = preProject
		Directory.Build.props = Directory.Build.props
		Dockerfile = Dockerfile
		.dockerignore = .dockerignore
	EndProjectSection
EndProject
Project("{FAE04EC0-301F-11D3-BF4B-00C04F79EFBC}") = "IntelTech.Common.Bus.RabbitMQ", "src\IntelTech.Common.Bus.RabbitMQ\IntelTech.Common.Bus.RabbitMQ.csproj", "{BCF2E904-80CB-4FAD-924F-EFB6F32FBC63}"
EndProject
Global
	GlobalSection(SolutionConfigurationPlatforms) = preSolution
		Debug|Any CPU = Debug|Any CPU
		Debug|x64 = Debug|x64
		Debug|x86 = Debug|x86
		Release|Any CPU = Release|Any CPU
		Release|x64 = Release|x64
		Release|x86 = Release|x86
	EndGlobalSection
	GlobalSection(ProjectConfigurationPlatforms) = postSolution
		{0B68A3BD-2CB5-4A57-8853-69C112BACFE1}.Debug|Any CPU.ActiveCfg = Debug|Any CPU
		{0B68A3BD-2CB5-4A57-8853-69C112BACFE1}.Debug|Any CPU.Build.0 = Debug|Any CPU
		{0B68A3BD-2CB5-4A57-8853-69C112BACFE1}.Debug|x64.ActiveCfg = Debug|Any CPU
		{0B68A3BD-2CB5-4A57-8853-69C112BACFE1}.Debug|x64.Build.0 = Debug|Any CPU
		{0B68A3BD-2CB5-4A57-8853-69C112BACFE1}.Debug|x86.ActiveCfg = Debug|Any CPU
		{0B68A3BD-2CB5-4A57-8853-69C112BACFE1}.Debug|x86.Build.0 = Debug|Any CPU
		{0B68A3BD-2CB5-4A57-8853-69C112BACFE1}.Release|Any CPU.ActiveCfg = Release|Any CPU
		{0B68A3BD-2CB5-4A57-8853-69C112BACFE1}.Release|Any CPU.Build.0 = Release|Any CPU
		{0B68A3BD-2CB5-4A57-8853-69C112BACFE1}.Release|x64.ActiveCfg = Release|Any CPU
		{0B68A3BD-2CB5-4A57-8853-69C112BACFE1}.Release|x64.Build.0 = Release|Any CPU
		{0B68A3BD-2CB5-4A57-8853-69C112BACFE1}.Release|x86.ActiveCfg = Release|Any CPU
		{0B68A3BD-2CB5-4A57-8853-69C112BACFE1}.Release|x86.Build.0 = Release|Any CPU
		{D9838A77-9D46-461F-B502-760F9FDD85CC}.Debug|Any CPU.ActiveCfg = Debug|Any CPU
		{D9838A77-9D46-461F-B502-760F9FDD85CC}.Debug|Any CPU.Build.0 = Debug|Any CPU
		{D9838A77-9D46-461F-B502-760F9FDD85CC}.Debug|x64.ActiveCfg = Debug|Any CPU
		{D9838A77-9D46-461F-B502-760F9FDD85CC}.Debug|x64.Build.0 = Debug|Any CPU
		{D9838A77-9D46-461F-B502-760F9FDD85CC}.Debug|x86.ActiveCfg = Debug|Any CPU
		{D9838A77-9D46-461F-B502-760F9FDD85CC}.Debug|x86.Build.0 = Debug|Any CPU
		{D9838A77-9D46-461F-B502-760F9FDD85CC}.Release|Any CPU.ActiveCfg = Release|Any CPU
		{D9838A77-9D46-461F-B502-760F9FDD85CC}.Release|Any CPU.Build.0 = Release|Any CPU
		{D9838A77-9D46-461F-B502-760F9FDD85CC}.Release|x64.ActiveCfg = Release|Any CPU
		{D9838A77-9D46-461F-B502-760F9FDD85CC}.Release|x64.Build.0 = Release|Any CPU
		{D9838A77-9D46-461F-B502-760F9FDD85CC}.Release|x86.ActiveCfg = Release|Any CPU
		{D9838A77-9D46-461F-B502-760F9FDD85CC}.Release|x86.Build.0 = Release|Any CPU
		{4A52E15F-C705-496D-9A05-11509EA7D2AA}.Debug|Any CPU.ActiveCfg = Debug|Any CPU
		{4A52E15F-C705-496D-9A05-11509EA7D2AA}.Debug|Any CPU.Build.0 = Debug|Any CPU
		{4A52E15F-C705-496D-9A05-11509EA7D2AA}.Debug|x64.ActiveCfg = Debug|Any CPU
		{4A52E15F-C705-496D-9A05-11509EA7D2AA}.Debug|x64.Build.0 = Debug|Any CPU
		{4A52E15F-C705-496D-9A05-11509EA7D2AA}.Debug|x86.ActiveCfg = Debug|Any CPU
		{4A52E15F-C705-496D-9A05-11509EA7D2AA}.Debug|x86.Build.0 = Debug|Any CPU
		{4A52E15F-C705-496D-9A05-11509EA7D2AA}.Release|Any CPU.ActiveCfg = Release|Any CPU
		{4A52E15F-C705-496D-9A05-11509EA7D2AA}.Release|Any CPU.Build.0 = Release|Any CPU
		{4A52E15F-C705-496D-9A05-11509EA7D2AA}.Release|x64.ActiveCfg = Release|Any CPU
		{4A52E15F-C705-496D-9A05-11509EA7D2AA}.Release|x64.Build.0 = Release|Any CPU
		{4A52E15F-C705-496D-9A05-11509EA7D2AA}.Release|x86.ActiveCfg = Release|Any CPU
		{4A52E15F-C705-496D-9A05-11509EA7D2AA}.Release|x86.Build.0 = Release|Any CPU
		{BCDD9609-EA9F-48E0-B48B-621300D46452}.Debug|Any CPU.ActiveCfg = Debug|Any CPU
		{BCDD9609-EA9F-48E0-B48B-621300D46452}.Debug|Any CPU.Build.0 = Debug|Any CPU
		{BCDD9609-EA9F-48E0-B48B-621300D46452}.Debug|x64.ActiveCfg = Debug|Any CPU
		{BCDD9609-EA9F-48E0-B48B-621300D46452}.Debug|x64.Build.0 = Debug|Any CPU
		{BCDD9609-EA9F-48E0-B48B-621300D46452}.Debug|x86.ActiveCfg = Debug|Any CPU
		{BCDD9609-EA9F-48E0-B48B-621300D46452}.Debug|x86.Build.0 = Debug|Any CPU
		{BCDD9609-EA9F-48E0-B48B-621300D46452}.Release|Any CPU.ActiveCfg = Release|Any CPU
		{BCDD9609-EA9F-48E0-B48B-621300D46452}.Release|Any CPU.Build.0 = Release|Any CPU
		{BCDD9609-EA9F-48E0-B48B-621300D46452}.Release|x64.ActiveCfg = Release|Any CPU
		{BCDD9609-EA9F-48E0-B48B-621300D46452}.Release|x64.Build.0 = Release|Any CPU
		{BCDD9609-EA9F-48E0-B48B-621300D46452}.Release|x86.ActiveCfg = Release|Any CPU
		{BCDD9609-EA9F-48E0-B48B-621300D46452}.Release|x86.Build.0 = Release|Any CPU
		{BCF2E904-80CB-4FAD-924F-EFB6F32FBC63}.Debug|Any CPU.ActiveCfg = Debug|Any CPU
		{BCF2E904-80CB-4FAD-924F-EFB6F32FBC63}.Debug|Any CPU.Build.0 = Debug|Any CPU
		{BCF2E904-80CB-4FAD-924F-EFB6F32FBC63}.Debug|x64.ActiveCfg = Debug|Any CPU
		{BCF2E904-80CB-4FAD-924F-EFB6F32FBC63}.Debug|x64.Build.0 = Debug|Any CPU
		{BCF2E904-80CB-4FAD-924F-EFB6F32FBC63}.Debug|x86.ActiveCfg = Debug|Any CPU
		{BCF2E904-80CB-4FAD-924F-EFB6F32FBC63}.Debug|x86.Build.0 = Debug|Any CPU
		{BCF2E904-80CB-4FAD-924F-EFB6F32FBC63}.Release|Any CPU.ActiveCfg = Release|Any CPU
		{BCF2E904-80CB-4FAD-924F-EFB6F32FBC63}.Release|Any CPU.Build.0 = Release|Any CPU
		{BCF2E904-80CB-4FAD-924F-EFB6F32FBC63}.Release|x64.ActiveCfg = Release|Any CPU
		{BCF2E904-80CB-4FAD-924F-EFB6F32FBC63}.Release|x64.Build.0 = Release|Any CPU
		{BCF2E904-80CB-4FAD-924F-EFB6F32FBC63}.Release|x86.ActiveCfg = Release|Any CPU
		{BCF2E904-80CB-4FAD-924F-EFB6F32FBC63}.Release|x86.Build.0 = Release|Any CPU
	EndGlobalSection
	GlobalSection(SolutionProperties) = preSolution
		HideSolutionNode = FALSE
	EndGlobalSection
	GlobalSection(NestedProjects) = preSolution
		{0B68A3BD-2CB5-4A57-8853-69C112BACFE1} = {727379DC-74FA-44B3-A087-08953F0CA727}
		{D9838A77-9D46-461F-B502-760F9FDD85CC} = {727379DC-74FA-44B3-A087-08953F0CA727}
		{4A52E15F-C705-496D-9A05-11509EA7D2AA} = {727379DC-74FA-44B3-A087-08953F0CA727}
		{BCDD9609-EA9F-48E0-B48B-621300D46452} = {727379DC-74FA-44B3-A087-08953F0CA727}
		{BCF2E904-80CB-4FAD-924F-EFB6F32FBC63} = {727379DC-74FA-44B3-A087-08953F0CA727}
	EndGlobalSection
EndGlobal
